// !$*UTF8*$!
{
	archiveVersion = 1;
	classes = {
	};
	objectVersion = 50;
	objects = {

/* Begin PBXBuildFile section */
		3ED7F5F125F6F2470076C9EE /* AppDelegate.swift in Sources */ = {isa = PBXBuildFile; fileRef = 3ED7F5F025F6F2470076C9EE /* AppDelegate.swift */; };
		3ED7F5F325F6F2470076C9EE /* SceneDelegate.swift in Sources */ = {isa = PBXBuildFile; fileRef = 3ED7F5F225F6F2470076C9EE /* SceneDelegate.swift */; };
		3ED7F5F525F6F2470076C9EE /* TodoListViewController.swift in Sources */ = {isa = PBXBuildFile; fileRef = 3ED7F5F425F6F2470076C9EE /* TodoListViewController.swift */; };
		3ED7F5F825F6F2470076C9EE /* Main.storyboard in Resources */ = {isa = PBXBuildFile; fileRef = 3ED7F5F625F6F2470076C9EE /* Main.storyboard */; };
		3ED7F5FA25F6F24A0076C9EE /* Assets.xcassets in Resources */ = {isa = PBXBuildFile; fileRef = 3ED7F5F925F6F24A0076C9EE /* Assets.xcassets */; };
		3ED7F5FD25F6F24A0076C9EE /* LaunchScreen.storyboard in Resources */ = {isa = PBXBuildFile; fileRef = 3ED7F5FB25F6F24A0076C9EE /* LaunchScreen.storyboard */; };
		3ED7F60725F6F2B30076C9EE /* Todo.swift in Sources */ = {isa = PBXBuildFile; fileRef = 3ED7F60625F6F2B30076C9EE /* Todo.swift */; };
		3ED7F60A25F6F3260076C9EE /* Storage.swift in Sources */ = {isa = PBXBuildFile; fileRef = 3ED7F60925F6F3260076C9EE /* Storage.swift */; };
		3EDD02E325F703D900916852 /* TodoListCell.swift in Sources */ = {isa = PBXBuildFile; fileRef = 3EDD02E225F703D900916852 /* TodoListCell.swift */; };
		3EDD02E725F703F400916852 /* TodoListHeaderView.swift in Sources */ = {isa = PBXBuildFile; fileRef = 3EDD02E625F703F400916852 /* TodoListHeaderView.swift */; };
		3EDD02ED25F70AEC00916852 /* TodoViewModel.swift in Sources */ = {isa = PBXBuildFile; fileRef = 3EDD02EC25F70AEC00916852 /* TodoViewModel.swift */; };
		3EDD02F025F70AFF00916852 /* TodoManager.swift in Sources */ = {isa = PBXBuildFile; fileRef = 3EDD02EF25F70AFF00916852 /* TodoManager.swift */; };
/* End PBXBuildFile section */

/* Begin PBXFileReference section */
		3ED7F5ED25F6F2470076C9EE /* Todo.app */ = {isa = PBXFileReference; explicitFileType = wrapper.application; includeInIndex = 0; path = Todo.app; sourceTree = BUILT_PRODUCTS_DIR; };
		3ED7F5F025F6F2470076C9EE /* AppDelegate.swift */ = {isa = PBXFileReference; lastKnownFileType = sourcecode.swift; path = AppDelegate.swift; sourceTree = "<group>"; };
		3ED7F5F225F6F2470076C9EE /* SceneDelegate.swift */ = {isa = PBXFileReference; lastKnownFileType = sourcecode.swift; path = SceneDelegate.swift; sourceTree = "<group>"; };
		3ED7F5F425F6F2470076C9EE /* TodoListViewController.swift */ = {isa = PBXFileReference; lastKnownFileType = sourcecode.swift; path = TodoListViewController.swift; sourceTree = "<group>"; };
		3ED7F5F725F6F2470076C9EE /* Base */ = {isa = PBXFileReference; lastKnownFileType = file.storyboard; name = Base; path = Base.lproj/Main.storyboard; sourceTree = "<group>"; };
		3ED7F5F925F6F24A0076C9EE /* Assets.xcassets */ = {isa = PBXFileReference; lastKnownFileType = folder.assetcatalog; path = Assets.xcassets; sourceTree = "<group>"; };
		3ED7F5FC25F6F24A0076C9EE /* Base */ = {isa = PBXFileReference; lastKnownFileType = file.storyboard; name = Base; path = Base.lproj/LaunchScreen.storyboard; sourceTree = "<group>"; };
		3ED7F5FE25F6F24A0076C9EE /* Info.plist */ = {isa = PBXFileReference; lastKnownFileType = text.plist.xml; path = Info.plist; sourceTree = "<group>"; };
		3ED7F60625F6F2B30076C9EE /* Todo.swift */ = {isa = PBXFileReference; lastKnownFileType = sourcecode.swift; path = Todo.swift; sourceTree = "<group>"; };
		3ED7F60925F6F3260076C9EE /* Storage.swift */ = {isa = PBXFileReference; lastKnownFileType = sourcecode.swift; path = Storage.swift; sourceTree = "<group>"; };
		3EDD02E225F703D900916852 /* TodoListCell.swift */ = {isa = PBXFileReference; lastKnownFileType = sourcecode.swift; path = TodoListCell.swift; sourceTree = "<group>"; };
		3EDD02E625F703F400916852 /* TodoListHeaderView.swift */ = {isa = PBXFileReference; lastKnownFileType = sourcecode.swift; path = TodoListHeaderView.swift; sourceTree = "<group>"; };
		3EDD02EC25F70AEC00916852 /* TodoViewModel.swift */ = {isa = PBXFileReference; lastKnownFileType = sourcecode.swift; path = TodoViewModel.swift; sourceTree = "<group>"; };
		3EDD02EF25F70AFF00916852 /* TodoManager.swift */ = {isa = PBXFileReference; lastKnownFileType = sourcecode.swift; path = TodoManager.swift; sourceTree = "<group>"; };
/* End PBXFileReference section */

/* Begin PBXFrameworksBuildPhase section */
		3ED7F5EA25F6F2470076C9EE /* Frameworks */ = {
			isa = PBXFrameworksBuildPhase;
			buildActionMask = 2147483647;
			files = (
			);
			runOnlyForDeploymentPostprocessing = 0;
		};
/* End PBXFrameworksBuildPhase section */

/* Begin PBXGroup section */
		3ED7F5E425F6F2470076C9EE = {
			isa = PBXGroup;
			children = (
				3ED7F5EF25F6F2470076C9EE /* Todo */,
				3ED7F5EE25F6F2470076C9EE /* Products */,
			);
			sourceTree = "<group>";
		};
		3ED7F5EE25F6F2470076C9EE /* Products */ = {
			isa = PBXGroup;
			children = (
				3ED7F5ED25F6F2470076C9EE /* Todo.app */,
			);
			name = Products;
			sourceTree = "<group>";
		};
		3ED7F5EF25F6F2470076C9EE /* Todo */ = {
			isa = PBXGroup;
			children = (
				3EDD02F225F70C4700916852 /* Util */,
				3EDD02E125F703BF00916852 /* List */,
				3ED7F5F025F6F2470076C9EE /* AppDelegate.swift */,
				3ED7F5F225F6F2470076C9EE /* SceneDelegate.swift */,
				3ED7F5F625F6F2470076C9EE /* Main.storyboard */,
				3ED7F5F925F6F24A0076C9EE /* Assets.xcassets */,
				3ED7F5FB25F6F24A0076C9EE /* LaunchScreen.storyboard */,
				3ED7F5FE25F6F24A0076C9EE /* Info.plist */,
			);
			path = Todo;
			sourceTree = "<group>";
		};
		3EDD02E125F703BF00916852 /* List */ = {
			isa = PBXGroup;
			children = (
				3EDD02E225F703D900916852 /* TodoListCell.swift */,
				3EDD02E625F703F400916852 /* TodoListHeaderView.swift */,
				3ED7F5F425F6F2470076C9EE /* TodoListViewController.swift */,
				3ED7F60625F6F2B30076C9EE /* Todo.swift */,
				3EDD02EC25F70AEC00916852 /* TodoViewModel.swift */,
				3EDD02EF25F70AFF00916852 /* TodoManager.swift */,
			);
			path = List;
			sourceTree = "<group>";
		};
		3EDD02F225F70C4700916852 /* Util */ = {
			isa = PBXGroup;
			children = (
				3ED7F60925F6F3260076C9EE /* Storage.swift */,
			);
			path = Util;
			sourceTree = "<group>";
		};
/* End PBXGroup section */

/* Begin PBXNativeTarget section */
		3ED7F5EC25F6F2470076C9EE /* Todo */ = {
			isa = PBXNativeTarget;
			buildConfigurationList = 3ED7F60125F6F24A0076C9EE /* Build configuration list for PBXNativeTarget "Todo" */;
			buildPhases = (
				3ED7F5E925F6F2470076C9EE /* Sources */,
				3ED7F5EA25F6F2470076C9EE /* Frameworks */,
				3ED7F5EB25F6F2470076C9EE /* Resources */,
			);
			buildRules = (
			);
			dependencies = (
			);
			name = Todo;
			productName = Todo;
			productReference = 3ED7F5ED25F6F2470076C9EE /* Todo.app */;
			productType = "com.apple.product-type.application";
		};
/* End PBXNativeTarget section */

/* Begin PBXProject section */
		3ED7F5E525F6F2470076C9EE /* Project object */ = {
			isa = PBXProject;
			attributes = {
				LastSwiftUpdateCheck = 1230;
				LastUpgradeCheck = 1230;
				TargetAttributes = {
					3ED7F5EC25F6F2470076C9EE = {
						CreatedOnToolsVersion = 12.3;
					};
				};
			};
			buildConfigurationList = 3ED7F5E825F6F2470076C9EE /* Build configuration list for PBXProject "Todo" */;
			compatibilityVersion = "Xcode 9.3";
			developmentRegion = en;
			hasScannedForEncodings = 0;
			knownRegions = (
				en,
				Base,
			);
			mainGroup = 3ED7F5E425F6F2470076C9EE;
			productRefGroup = 3ED7F5EE25F6F2470076C9EE /* Products */;
			projectDirPath = "";
			projectRoot = "";
			targets = (
				3ED7F5EC25F6F2470076C9EE /* Todo */,
			);
		};
/* End PBXProject section */

/* Begin PBXResourcesBuildPhase section */
		3ED7F5EB25F6F2470076C9EE /* Resources */ = {
			isa = PBXResourcesBuildPhase;
			buildActionMask = 2147483647;
			files = (
				3ED7F5FD25F6F24A0076C9EE /* LaunchScreen.storyboard in Resources */,
				3ED7F5FA25F6F24A0076C9EE /* Assets.xcassets in Resources */,
				3ED7F5F825F6F2470076C9EE /* Main.storyboard in Resources */,
			);
			runOnlyForDeploymentPostprocessing = 0;
		};
/* End PBXResourcesBuildPhase section */

/* Begin PBXSourcesBuildPhase section */
		3ED7F5E925F6F2470076C9EE /* Sources */ = {
			isa = PBXSourcesBuildPhase;
			buildActionMask = 2147483647;
			files = (
				3EDD02ED25F70AEC00916852 /* TodoViewModel.swift in Sources */,
				3ED7F5F525F6F2470076C9EE /* TodoListViewController.swift in Sources */,
				3EDD02E325F703D900916852 /* TodoListCell.swift in Sources */,
				3ED7F5F125F6F2470076C9EE /* AppDelegate.swift in Sources */,
				3ED7F5F325F6F2470076C9EE /* SceneDelegate.swift in Sources */,
				3ED7F60725F6F2B30076C9EE /* Todo.swift in Sources */,
				3ED7F60A25F6F3260076C9EE /* Storage.swift in Sources */,
				3EDD02F025F70AFF00916852 /* TodoManager.swift in Sources */,
				3EDD02E725F703F400916852 /* TodoListHeaderView.swift in Sources */,
			);
			runOnlyForDeploymentPostprocessing = 0;
		};
/* End PBXSourcesBuildPhase section */

/* Begin PBXVariantGroup section */
		3ED7F5F625F6F2470076C9EE /* Main.storyboard */ = {
			isa = PBXVariantGroup;
			children = (
				3ED7F5F725F6F2470076C9EE /* Base */,
			);
			name = Main.storyboard;
			sourceTree = "<group>";
		};
		3ED7F5FB25F6F24A0076C9EE /* LaunchScreen.storyboard */ = {
			isa = PBXVariantGroup;
			children = (
				3ED7F5FC25F6F24A0076C9EE /* Base */,
			);
			name = LaunchScreen.storyboard;
			sourceTree = "<group>";
		};
/* End PBXVariantGroup section */

/* Begin XCBuildConfiguration section */
		3ED7F5FF25F6F24A0076C9EE /* Debug */ = {
			isa = XCBuildConfiguration;
			buildSettings = {
				ALWAYS_SEARCH_USER_PATHS = NO;
				CLANG_ANALYZER_NONNULL = YES;
				CLANG_ANALYZER_NUMBER_OBJECT_CONVERSION = YES_AGGRESSIVE;
				CLANG_CXX_LANGUAGE_STANDARD = "gnu++14";
				CLANG_CXX_LIBRARY = "libc++";
				CLANG_ENABLE_MODULES = YES;
				CLANG_ENABLE_OBJC_ARC = YES;
				CLANG_ENABLE_OBJC_WEAK = YES;
				CLANG_WARN_BLOCK_CAPTURE_AUTORELEASING = YES;
				CLANG_WARN_BOOL_CONVERSION = YES;
				CLANG_WARN_COMMA = YES;
				CLANG_WARN_CONSTANT_CONVERSION = YES;
				CLANG_WARN_DEPRECATED_OBJC_IMPLEMENTATIONS = YES;
				CLANG_WARN_DIRECT_OBJC_ISA_USAGE = YES_ERROR;
				CLANG_WARN_DOCUMENTATION_COMMENTS = YES;
				CLANG_WARN_EMPTY_BODY = YES;
				CLANG_WARN_ENUM_CONVERSION = YES;
				CLANG_WARN_INFINITE_RECURSION = YES;
				CLANG_WARN_INT_CONVERSION = YES;
				CLANG_WARN_NON_LITERAL_NULL_CONVERSION = YES;
				CLANG_WARN_OBJC_IMPLICIT_RETAIN_SELF = YES;
				CLANG_WARN_OBJC_LITERAL_CONVERSION = YES;
				CLANG_WARN_OBJC_ROOT_CLASS = YES_ERROR;
				CLANG_WARN_QUOTED_INCLUDE_IN_FRAMEWORK_HEADER = YES;
				CLANG_WARN_RANGE_LOOP_ANALYSIS = YES;
				CLANG_WARN_STRICT_PROTOTYPES = YES;
				CLANG_WARN_SUSPICIOUS_MOVE = YES;
				CLANG_WARN_UNGUARDED_AVAILABILITY = YES_AGGRESSIVE;
				CLANG_WARN_UNREACHABLE_CODE = YES;
				CLANG_WARN__DUPLICATE_METHOD_MATCH = YES;
				COPY_PHASE_STRIP = NO;
				DEBUG_INFORMATION_FORMAT = dwarf;
				ENABLE_STRICT_OBJC_MSGSEND = YES;
				ENABLE_TESTABILITY = YES;
				GCC_C_LANGUAGE_STANDARD = gnu11;
				GCC_DYNAMIC_NO_PIC = NO;
				GCC_NO_COMMON_BLOCKS = YES;
				GCC_OPTIMIZATION_LEVEL = 0;
				GCC_PREPROCESSOR_DEFINITIONS = (
					"DEBUG=1",
					"$(inherited)",
				);
				GCC_WARN_64_TO_32_BIT_CONVERSION = YES;
				GCC_WARN_ABOUT_RETURN_TYPE = YES_ERROR;
				GCC_WARN_UNDECLARED_SELECTOR = YES;
				GCC_WARN_UNINITIALIZED_AUTOS = YES_AGGRESSIVE;
				GCC_WARN_UNUSED_FUNCTION = YES;
				GCC_WARN_UNUSED_VARIABLE = YES;
				IPHONEOS_DEPLOYMENT_TARGET = 14.3;
				MTL_ENABLE_DEBUG_INFO = INCLUDE_SOURCE;
				MTL_FAST_MATH = YES;
				ONLY_ACTIVE_ARCH = YES;
				SDKROOT = iphoneos;
				SWIFT_ACTIVE_COMPILATION_CONDITIONS = DEBUG;
				SWIFT_OPTIMIZATION_LEVEL = "-Onone";
			};
			name = Debug;
		};
		3ED7F60025F6F24A0076C9EE /* Release */ = {
			isa = XCBuildConfiguration;
			buildSettings = {
				ALWAYS_SEARCH_USER_PATHS = NO;
				CLANG_ANALYZER_NONNULL = YES;
				CLANG_ANALYZER_NUMBER_OBJECT_CONVERSION = YES_AGGRESSIVE;
				CLANG_CXX_LANGUAGE_STANDARD = "gnu++14";
				CLANG_CXX_LIBRARY = "libc++";
				CLANG_ENABLE_MODULES = YES;
				CLANG_ENABLE_OBJC_ARC = YES;
				CLANG_ENABLE_OBJC_WEAK = YES;
				CLANG_WARN_BLOCK_CAPTURE_AUTORELEASING = YES;
				CLANG_WARN_BOOL_CONVERSION = YES;
				CLANG_WARN_COMMA = YES;
				CLANG_WARN_CONSTANT_CONVERSION = YES;
				CLANG_WARN_DEPRECATED_OBJC_IMPLEMENTATIONS = YES;
				CLANG_WARN_DIRECT_OBJC_ISA_USAGE = YES_ERROR;
				CLANG_WARN_DOCUMENTATION_COMMENTS = YES;
				CLANG_WARN_EMPTY_BODY = YES;
				CLANG_WARN_ENUM_CONVERSION = YES;
				CLANG_WARN_INFINITE_RECURSION = YES;
				CLANG_WARN_INT_CONVERSION = YES;
				CLANG_WARN_NON_LITERAL_NULL_CONVERSION = YES;
				CLANG_WARN_OBJC_IMPLICIT_RETAIN_SELF = YES;
				CLANG_WARN_OBJC_LITERAL_CONVERSION = YES;
				CLANG_WARN_OBJC_ROOT_CLASS = YES_ERROR;
				CLANG_WARN_QUOTED_INCLUDE_IN_FRAMEWORK_HEADER = YES;
				CLANG_WARN_RANGE_LOOP_ANALYSIS = YES;
				CLANG_WARN_STRICT_PROTOTYPES = YES;
				CLANG_WARN_SUSPICIOUS_MOVE = YES;
				CLANG_WARN_UNGUARDED_AVAILABILITY = YES_AGGRESSIVE;
				CLANG_WARN_UNREACHABLE_CODE = YES;
				CLANG_WARN__DUPLICATE_METHOD_MATCH = YES;
				COPY_PHASE_STRIP = NO;
				DEBUG_INFORMATION_FORMAT = "dwarf-with-dsym";
				ENABLE_NS_ASSERTIONS = NO;
				ENABLE_STRICT_OBJC_MSGSEND = YES;
				GCC_C_LANGUAGE_STANDARD = gnu11;
				GCC_NO_COMMON_BLOCKS = YES;
				GCC_WARN_64_TO_32_BIT_CONVERSION = YES;
				GCC_WARN_ABOUT_RETURN_TYPE = YES_ERROR;
				GCC_WARN_UNDECLARED_SELECTOR = YES;
				GCC_WARN_UNINITIALIZED_AUTOS = YES_AGGRESSIVE;
				GCC_WARN_UNUSED_FUNCTION = YES;
				GCC_WARN_UNUSED_VARIABLE = YES;
				IPHONEOS_DEPLOYMENT_TARGET = 14.3;
				MTL_ENABLE_DEBUG_INFO = NO;
				MTL_FAST_MATH = YES;
				SDKROOT = iphoneos;
				SWIFT_COMPILATION_MODE = wholemodule;
				SWIFT_OPTIMIZATION_LEVEL = "-O";
				VALIDATE_PRODUCT = YES;
			};
			name = Release;
		};
		3ED7F60225F6F24A0076C9EE /* Debug */ = {
			isa = XCBuildConfiguration;
			buildSettings = {
				ASSETCATALOG_COMPILER_APPICON_NAME = AppIcon;
				ASSETCATALOG_COMPILER_GLOBAL_ACCENT_COLOR_NAME = AccentColor;
				CODE_SIGN_STYLE = Automatic;
				DEVELOPMENT_TEAM = N99FMBQ662;
				INFOPLIST_FILE = Todo/Info.plist;
				LD_RUNPATH_SEARCH_PATHS = (
					"$(inherited)",
					"@executable_path/Frameworks",
				);
				PRODUCT_BUNDLE_IDENTIFIER = kr.co.bonjin.Todo;
				PRODUCT_NAME = "$(TARGET_NAME)";
				SWIFT_VERSION = 5.0;
				TARGETED_DEVICE_FAMILY = "1,2";
			};
			name = Debug;
		};
		3ED7F60325F6F24A0076C9EE /* Release */ = {
			isa = XCBuildConfiguration;
			buildSettings = {
				ASSETCATALOG_COMPILER_APPICON_NAME = AppIcon;
				ASSETCATALOG_COMPILER_GLOBAL_ACCENT_COLOR_NAME = AccentColor;
				CODE_SIGN_STYLE = Automatic;
				DEVELOPMENT_TEAM = N99FMBQ662;
				INFOPLIST_FILE = Todo/Info.plist;
				LD_RUNPATH_SEARCH_PATHS = (
					"$(inherited)",
					"@executable_path/Frameworks",
				);
				PRODUCT_BUNDLE_IDENTIFIER = kr.co.bonjin.Todo;
				PRODUCT_NAME = "$(TARGET_NAME)";
				SWIFT_VERSION = 5.0;
				TARGETED_DEVICE_FAMILY = "1,2";
			};
			name = Release;
		};
/* End XCBuildConfiguration section */

/* Begin XCConfigurationList section */
		3ED7F5E825F6F2470076C9EE /* Build configuration list for PBXProject "Todo" */ = {
			isa = XCConfigurationList;
			buildConfigurations = (
				3ED7F5FF25F6F24A0076C9EE /* Debug */,
				3ED7F60025F6F24A0076C9EE /* Release */,
			);
			defaultConfigurationIsVisible = 0;
			defaultConfigurationName = Release;
		};
		3ED7F60125F6F24A0076C9EE /* Build configuration list for PBXNativeTarget "Todo" */ = {
			isa = XCConfigurationList;
			buildConfigurations = (
				3ED7F60225F6F24A0076C9EE /* Debug */,
				3ED7F60325F6F24A0076C9EE /* Release */,
			);
			defaultConfigurationIsVisible = 0;
			defaultConfigurationName = Release;
		};
/* End XCConfigurationList section */
	};
	rootObject = 3ED7F5E525F6F2470076C9EE /* Project object */;
}
