// !$*UTF8*$!
{
	archiveVersion = 1;
	classes = {
	};
	objectVersion = 52;
	objects = {

/* Begin PBXBuildFile section */
		3EC9761825FA2DAE00DEBB55 /* AppDelegate.swift in Sources */ = {isa = PBXBuildFile; fileRef = 3EC9761725FA2DAE00DEBB55 /* AppDelegate.swift */; };
		3EC9761A25FA2DAE00DEBB55 /* SceneDelegate.swift in Sources */ = {isa = PBXBuildFile; fileRef = 3EC9761925FA2DAE00DEBB55 /* SceneDelegate.swift */; };
		3EC9762125FA2DB000DEBB55 /* Assets.xcassets in Resources */ = {isa = PBXBuildFile; fileRef = 3EC9762025FA2DB000DEBB55 /* Assets.xcassets */; };
		3EC9762425FA2DB000DEBB55 /* LaunchScreen.storyboard in Resources */ = {isa = PBXBuildFile; fileRef = 3EC9762225FA2DB000DEBB55 /* LaunchScreen.storyboard */; };
		3EC9763125FA2E3200DEBB55 /* AppTabbarController.swift in Sources */ = {isa = PBXBuildFile; fileRef = 3EC9763025FA2E3200DEBB55 /* AppTabbarController.swift */; };
		3EC9763625FA2E3B00DEBB55 /* PlayerView.swift in Sources */ = {isa = PBXBuildFile; fileRef = 3EC9763325FA2E3B00DEBB55 /* PlayerView.swift */; };
		3EC9763725FA2E3B00DEBB55 /* Player.storyboard in Resources */ = {isa = PBXBuildFile; fileRef = 3EC9763425FA2E3B00DEBB55 /* Player.storyboard */; };
		3EC9763825FA2E3B00DEBB55 /* PlayerViewController.swift in Sources */ = {isa = PBXBuildFile; fileRef = 3EC9763525FA2E3B00DEBB55 /* PlayerViewController.swift */; };
		3EC9763B25FA2E4000DEBB55 /* RecommendListViewController.swift in Sources */ = {isa = PBXBuildFile; fileRef = 3EC9763A25FA2E4000DEBB55 /* RecommendListViewController.swift */; };
		3EC9763E25FA2E4400DEBB55 /* SearchViewController.swift in Sources */ = {isa = PBXBuildFile; fileRef = 3EC9763D25FA2E4400DEBB55 /* SearchViewController.swift */; };
		3EC9764125FA2E4800DEBB55 /* HomeViewController.swift in Sources */ = {isa = PBXBuildFile; fileRef = 3EC9764025FA2E4800DEBB55 /* HomeViewController.swift */; };
		3EC9764825FA2EC900DEBB55 /* Main.storyboard in Resources */ = {isa = PBXBuildFile; fileRef = 3EC9764625FA2EC900DEBB55 /* Main.storyboard */; };
		3EE9A88926088DDE003B4C52 /* Kingfisher in Frameworks */ = {isa = PBXBuildFile; productRef = 3EE9A88826088DDE003B4C52 /* Kingfisher */; };
/* End PBXBuildFile section */

/* Begin PBXFileReference section */
		3EC9761425FA2DAE00DEBB55 /* Netflix.app */ = {isa = PBXFileReference; explicitFileType = wrapper.application; includeInIndex = 0; path = Netflix.app; sourceTree = BUILT_PRODUCTS_DIR; };
		3EC9761725FA2DAE00DEBB55 /* AppDelegate.swift */ = {isa = PBXFileReference; lastKnownFileType = sourcecode.swift; path = AppDelegate.swift; sourceTree = "<group>"; };
		3EC9761925FA2DAE00DEBB55 /* SceneDelegate.swift */ = {isa = PBXFileReference; lastKnownFileType = sourcecode.swift; path = SceneDelegate.swift; sourceTree = "<group>"; };
		3EC9762025FA2DB000DEBB55 /* Assets.xcassets */ = {isa = PBXFileReference; lastKnownFileType = folder.assetcatalog; path = Assets.xcassets; sourceTree = "<group>"; };
		3EC9762325FA2DB000DEBB55 /* Base */ = {isa = PBXFileReference; lastKnownFileType = file.storyboard; name = Base; path = Base.lproj/LaunchScreen.storyboard; sourceTree = "<group>"; };
		3EC9762525FA2DB000DEBB55 /* Info.plist */ = {isa = PBXFileReference; lastKnownFileType = text.plist.xml; path = Info.plist; sourceTree = "<group>"; };
		3EC9763025FA2E3200DEBB55 /* AppTabbarController.swift */ = {isa = PBXFileReference; fileEncoding = 4; lastKnownFileType = sourcecode.swift; path = AppTabbarController.swift; sourceTree = "<group>"; };
		3EC9763325FA2E3B00DEBB55 /* PlayerView.swift */ = {isa = PBXFileReference; fileEncoding = 4; lastKnownFileType = sourcecode.swift; path = PlayerView.swift; sourceTree = "<group>"; };
		3EC9763425FA2E3B00DEBB55 /* Player.storyboard */ = {isa = PBXFileReference; fileEncoding = 4; lastKnownFileType = file.storyboard; path = Player.storyboard; sourceTree = "<group>"; };
		3EC9763525FA2E3B00DEBB55 /* PlayerViewController.swift */ = {isa = PBXFileReference; fileEncoding = 4; lastKnownFileType = sourcecode.swift; path = PlayerViewController.swift; sourceTree = "<group>"; };
		3EC9763A25FA2E4000DEBB55 /* RecommendListViewController.swift */ = {isa = PBXFileReference; fileEncoding = 4; lastKnownFileType = sourcecode.swift; path = RecommendListViewController.swift; sourceTree = "<group>"; };
		3EC9763D25FA2E4400DEBB55 /* SearchViewController.swift */ = {isa = PBXFileReference; fileEncoding = 4; lastKnownFileType = sourcecode.swift; path = SearchViewController.swift; sourceTree = "<group>"; };
		3EC9764025FA2E4800DEBB55 /* HomeViewController.swift */ = {isa = PBXFileReference; fileEncoding = 4; lastKnownFileType = sourcecode.swift; path = HomeViewController.swift; sourceTree = "<group>"; };
		3EC9764725FA2EC900DEBB55 /* Base */ = {isa = PBXFileReference; lastKnownFileType = file.storyboard; name = Base; path = Base.lproj/Main.storyboard; sourceTree = "<group>"; };
/* End PBXFileReference section */

/* Begin PBXFrameworksBuildPhase section */
		3EC9761125FA2DAE00DEBB55 /* Frameworks */ = {
			isa = PBXFrameworksBuildPhase;
			buildActionMask = 2147483647;
			files = (
				3EE9A88926088DDE003B4C52 /* Kingfisher in Frameworks */,
			);
			runOnlyForDeploymentPostprocessing = 0;
		};
/* End PBXFrameworksBuildPhase section */

/* Begin PBXGroup section */
		3EC9760B25FA2DAE00DEBB55 = {
			isa = PBXGroup;
			children = (
				3EC9761625FA2DAE00DEBB55 /* Netflix */,
				3EC9761525FA2DAE00DEBB55 /* Products */,
			);
			sourceTree = "<group>";
		};
		3EC9761525FA2DAE00DEBB55 /* Products */ = {
			isa = PBXGroup;
			children = (
				3EC9761425FA2DAE00DEBB55 /* Netflix.app */,
			);
			name = Products;
			sourceTree = "<group>";
		};
		3EC9761625FA2DAE00DEBB55 /* Netflix */ = {
			isa = PBXGroup;
			children = (
				3EC9764325FA2E4F00DEBB55 /* Tabbar */,
				3EC9762F25FA2DED00DEBB55 /* Player */,
				3EC9762E25FA2DE200DEBB55 /* Recommend */,
				3EC9762D25FA2DDC00DEBB55 /* Search */,
				3EC9762C25FA2DD400DEBB55 /* Home */,
				3EC9761725FA2DAE00DEBB55 /* AppDelegate.swift */,
				3EC9761925FA2DAE00DEBB55 /* SceneDelegate.swift */,
				3EC9762025FA2DB000DEBB55 /* Assets.xcassets */,
				3EC9764625FA2EC900DEBB55 /* Main.storyboard */,
				3EC9762225FA2DB000DEBB55 /* LaunchScreen.storyboard */,
				3EC9762525FA2DB000DEBB55 /* Info.plist */,
			);
			path = Netflix;
			sourceTree = "<group>";
		};
		3EC9762C25FA2DD400DEBB55 /* Home */ = {
			isa = PBXGroup;
			children = (
				3EC9764025FA2E4800DEBB55 /* HomeViewController.swift */,
			);
			path = Home;
			sourceTree = "<group>";
		};
		3EC9762D25FA2DDC00DEBB55 /* Search */ = {
			isa = PBXGroup;
			children = (
				3EC9763D25FA2E4400DEBB55 /* SearchViewController.swift */,
			);
			path = Search;
			sourceTree = "<group>";
		};
		3EC9762E25FA2DE200DEBB55 /* Recommend */ = {
			isa = PBXGroup;
			children = (
				3EC9763A25FA2E4000DEBB55 /* RecommendListViewController.swift */,
			);
			path = Recommend;
			sourceTree = "<group>";
		};
		3EC9762F25FA2DED00DEBB55 /* Player */ = {
			isa = PBXGroup;
			children = (
				3EC9763425FA2E3B00DEBB55 /* Player.storyboard */,
				3EC9763325FA2E3B00DEBB55 /* PlayerView.swift */,
				3EC9763525FA2E3B00DEBB55 /* PlayerViewController.swift */,
			);
			path = Player;
			sourceTree = "<group>";
		};
		3EC9764325FA2E4F00DEBB55 /* Tabbar */ = {
			isa = PBXGroup;
			children = (
				3EC9763025FA2E3200DEBB55 /* AppTabbarController.swift */,
			);
			path = Tabbar;
			sourceTree = "<group>";
		};
/* End PBXGroup section */

/* Begin PBXNativeTarget section */
		3EC9761325FA2DAE00DEBB55 /* Netflix */ = {
			isa = PBXNativeTarget;
			buildConfigurationList = 3EC9762825FA2DB000DEBB55 /* Build configuration list for PBXNativeTarget "Netflix" */;
			buildPhases = (
				3EC9761025FA2DAE00DEBB55 /* Sources */,
				3EC9761125FA2DAE00DEBB55 /* Frameworks */,
				3EC9761225FA2DAE00DEBB55 /* Resources */,
			);
			buildRules = (
			);
			dependencies = (
			);
			name = Netflix;
			packageProductDependencies = (
				3EE9A88826088DDE003B4C52 /* Kingfisher */,
			);
			productName = Netflix;
			productReference = 3EC9761425FA2DAE00DEBB55 /* Netflix.app */;
			productType = "com.apple.product-type.application";
		};
/* End PBXNativeTarget section */

/* Begin PBXProject section */
		3EC9760C25FA2DAE00DEBB55 /* Project object */ = {
			isa = PBXProject;
			attributes = {
				LastSwiftUpdateCheck = 1230;
				LastUpgradeCheck = 1230;
				TargetAttributes = {
					3EC9761325FA2DAE00DEBB55 = {
						CreatedOnToolsVersion = 12.3;
					};
				};
			};
			buildConfigurationList = 3EC9760F25FA2DAE00DEBB55 /* Build configuration list for PBXProject "Netflix" */;
			compatibilityVersion = "Xcode 9.3";
			developmentRegion = en;
			hasScannedForEncodings = 0;
			knownRegions = (
				en,
				Base,
			);
			mainGroup = 3EC9760B25FA2DAE00DEBB55;
			packageReferences = (
				3EE9A88726088DDE003B4C52 /* XCRemoteSwiftPackageReference "Kingfisher" */,
			);
			productRefGroup = 3EC9761525FA2DAE00DEBB55 /* Products */;
			projectDirPath = "";
			projectRoot = "";
			targets = (
				3EC9761325FA2DAE00DEBB55 /* Netflix */,
			);
		};
/* End PBXProject section */

/* Begin PBXResourcesBuildPhase section */
		3EC9761225FA2DAE00DEBB55 /* Resources */ = {
			isa = PBXResourcesBuildPhase;
			buildActionMask = 2147483647;
			files = (
				3EC9762425FA2DB000DEBB55 /* LaunchScreen.storyboard in Resources */,
				3EC9763725FA2E3B00DEBB55 /* Player.storyboard in Resources */,
				3EC9762125FA2DB000DEBB55 /* Assets.xcassets in Resources */,
				3EC9764825FA2EC900DEBB55 /* Main.storyboard in Resources */,
			);
			runOnlyForDeploymentPostprocessing = 0;
		};
/* End PBXResourcesBuildPhase section */

/* Begin PBXSourcesBuildPhase section */
		3EC9761025FA2DAE00DEBB55 /* Sources */ = {
			isa = PBXSourcesBuildPhase;
			buildActionMask = 2147483647;
			files = (
				3EC9763125FA2E3200DEBB55 /* AppTabbarController.swift in Sources */,
				3EC9763E25FA2E4400DEBB55 /* SearchViewController.swift in Sources */,
				3EC9761825FA2DAE00DEBB55 /* AppDelegate.swift in Sources */,
				3EC9763B25FA2E4000DEBB55 /* RecommendListViewController.swift in Sources */,
				3EC9764125FA2E4800DEBB55 /* HomeViewController.swift in Sources */,
				3EC9763625FA2E3B00DEBB55 /* PlayerView.swift in Sources */,
				3EC9761A25FA2DAE00DEBB55 /* SceneDelegate.swift in Sources */,
				3EC9763825FA2E3B00DEBB55 /* PlayerViewController.swift in Sources */,
			);
			runOnlyForDeploymentPostprocessing = 0;
		};
/* End PBXSourcesBuildPhase section */

/* Begin PBXVariantGroup section */
		3EC9762225FA2DB000DEBB55 /* LaunchScreen.storyboard */ = {
			isa = PBXVariantGroup;
			children = (
				3EC9762325FA2DB000DEBB55 /* Base */,
			);
			name = LaunchScreen.storyboard;
			sourceTree = "<group>";
		};
		3EC9764625FA2EC900DEBB55 /* Main.storyboard */ = {
			isa = PBXVariantGroup;
			children = (
				3EC9764725FA2EC900DEBB55 /* Base */,
			);
			name = Main.storyboard;
			sourceTree = "<group>";
		};
/* End PBXVariantGroup section */

/* Begin XCBuildConfiguration section */
		3EC9762625FA2DB000DEBB55 /* Debug */ = {
			isa = XCBuildConfiguration;
			buildSettings = {
				ALWAYS_SEARCH_USER_PATHS = NO;
				CLANG_ANALYZER_NONNULL = YES;
				CLANG_ANALYZER_NUMBER_OBJECT_CONVERSION = YES_AGGRESSIVE;
				CLANG_CXX_LANGUAGE_STANDARD = "gnu++14";
				CLANG_CXX_LIBRARY = "libc++";
				CLANG_ENABLE_MODULES = YES;
				CLANG_ENABLE_OBJC_ARC = YES;
				CLANG_ENABLE_OBJC_WEAK = YES;
				CLANG_WARN_BLOCK_CAPTURE_AUTORELEASING = YES;
				CLANG_WARN_BOOL_CONVERSION = YES;
				CLANG_WARN_COMMA = YES;
				CLANG_WARN_CONSTANT_CONVERSION = YES;
				CLANG_WARN_DEPRECATED_OBJC_IMPLEMENTATIONS = YES;
				CLANG_WARN_DIRECT_OBJC_ISA_USAGE = YES_ERROR;
				CLANG_WARN_DOCUMENTATION_COMMENTS = YES;
				CLANG_WARN_EMPTY_BODY = YES;
				CLANG_WARN_ENUM_CONVERSION = YES;
				CLANG_WARN_INFINITE_RECURSION = YES;
				CLANG_WARN_INT_CONVERSION = YES;
				CLANG_WARN_NON_LITERAL_NULL_CONVERSION = YES;
				CLANG_WARN_OBJC_IMPLICIT_RETAIN_SELF = YES;
				CLANG_WARN_OBJC_LITERAL_CONVERSION = YES;
				CLANG_WARN_OBJC_ROOT_CLASS = YES_ERROR;
				CLANG_WARN_QUOTED_INCLUDE_IN_FRAMEWORK_HEADER = YES;
				CLANG_WARN_RANGE_LOOP_ANALYSIS = YES;
				CLANG_WARN_STRICT_PROTOTYPES = YES;
				CLANG_WARN_SUSPICIOUS_MOVE = YES;
				CLANG_WARN_UNGUARDED_AVAILABILITY = YES_AGGRESSIVE;
				CLANG_WARN_UNREACHABLE_CODE = YES;
				CLANG_WARN__DUPLICATE_METHOD_MATCH = YES;
				COPY_PHASE_STRIP = NO;
				DEBUG_INFORMATION_FORMAT = dwarf;
				ENABLE_STRICT_OBJC_MSGSEND = YES;
				ENABLE_TESTABILITY = YES;
				GCC_C_LANGUAGE_STANDARD = gnu11;
				GCC_DYNAMIC_NO_PIC = NO;
				GCC_NO_COMMON_BLOCKS = YES;
				GCC_OPTIMIZATION_LEVEL = 0;
				GCC_PREPROCESSOR_DEFINITIONS = (
					"DEBUG=1",
					"$(inherited)",
				);
				GCC_WARN_64_TO_32_BIT_CONVERSION = YES;
				GCC_WARN_ABOUT_RETURN_TYPE = YES_ERROR;
				GCC_WARN_UNDECLARED_SELECTOR = YES;
				GCC_WARN_UNINITIALIZED_AUTOS = YES_AGGRESSIVE;
				GCC_WARN_UNUSED_FUNCTION = YES;
				GCC_WARN_UNUSED_VARIABLE = YES;
				IPHONEOS_DEPLOYMENT_TARGET = 14.3;
				MTL_ENABLE_DEBUG_INFO = INCLUDE_SOURCE;
				MTL_FAST_MATH = YES;
				ONLY_ACTIVE_ARCH = YES;
				SDKROOT = iphoneos;
				SWIFT_ACTIVE_COMPILATION_CONDITIONS = DEBUG;
				SWIFT_OPTIMIZATION_LEVEL = "-Onone";
			};
			name = Debug;
		};
		3EC9762725FA2DB000DEBB55 /* Release */ = {
			isa = XCBuildConfiguration;
			buildSettings = {
				ALWAYS_SEARCH_USER_PATHS = NO;
				CLANG_ANALYZER_NONNULL = YES;
				CLANG_ANALYZER_NUMBER_OBJECT_CONVERSION = YES_AGGRESSIVE;
				CLANG_CXX_LANGUAGE_STANDARD = "gnu++14";
				CLANG_CXX_LIBRARY = "libc++";
				CLANG_ENABLE_MODULES = YES;
				CLANG_ENABLE_OBJC_ARC = YES;
				CLANG_ENABLE_OBJC_WEAK = YES;
				CLANG_WARN_BLOCK_CAPTURE_AUTORELEASING = YES;
				CLANG_WARN_BOOL_CONVERSION = YES;
				CLANG_WARN_COMMA = YES;
				CLANG_WARN_CONSTANT_CONVERSION = YES;
				CLANG_WARN_DEPRECATED_OBJC_IMPLEMENTATIONS = YES;
				CLANG_WARN_DIRECT_OBJC_ISA_USAGE = YES_ERROR;
				CLANG_WARN_DOCUMENTATION_COMMENTS = YES;
				CLANG_WARN_EMPTY_BODY = YES;
				CLANG_WARN_ENUM_CONVERSION = YES;
				CLANG_WARN_INFINITE_RECURSION = YES;
				CLANG_WARN_INT_CONVERSION = YES;
				CLANG_WARN_NON_LITERAL_NULL_CONVERSION = YES;
				CLANG_WARN_OBJC_IMPLICIT_RETAIN_SELF = YES;
				CLANG_WARN_OBJC_LITERAL_CONVERSION = YES;
				CLANG_WARN_OBJC_ROOT_CLASS = YES_ERROR;
				CLANG_WARN_QUOTED_INCLUDE_IN_FRAMEWORK_HEADER = YES;
				CLANG_WARN_RANGE_LOOP_ANALYSIS = YES;
				CLANG_WARN_STRICT_PROTOTYPES = YES;
				CLANG_WARN_SUSPICIOUS_MOVE = YES;
				CLANG_WARN_UNGUARDED_AVAILABILITY = YES_AGGRESSIVE;
				CLANG_WARN_UNREACHABLE_CODE = YES;
				CLANG_WARN__DUPLICATE_METHOD_MATCH = YES;
				COPY_PHASE_STRIP = NO;
				DEBUG_INFORMATION_FORMAT = "dwarf-with-dsym";
				ENABLE_NS_ASSERTIONS = NO;
				ENABLE_STRICT_OBJC_MSGSEND = YES;
				GCC_C_LANGUAGE_STANDARD = gnu11;
				GCC_NO_COMMON_BLOCKS = YES;
				GCC_WARN_64_TO_32_BIT_CONVERSION = YES;
				GCC_WARN_ABOUT_RETURN_TYPE = YES_ERROR;
				GCC_WARN_UNDECLARED_SELECTOR = YES;
				GCC_WARN_UNINITIALIZED_AUTOS = YES_AGGRESSIVE;
				GCC_WARN_UNUSED_FUNCTION = YES;
				GCC_WARN_UNUSED_VARIABLE = YES;
				IPHONEOS_DEPLOYMENT_TARGET = 14.3;
				MTL_ENABLE_DEBUG_INFO = NO;
				MTL_FAST_MATH = YES;
				SDKROOT = iphoneos;
				SWIFT_COMPILATION_MODE = wholemodule;
				SWIFT_OPTIMIZATION_LEVEL = "-O";
				VALIDATE_PRODUCT = YES;
			};
			name = Release;
		};
		3EC9762925FA2DB000DEBB55 /* Debug */ = {
			isa = XCBuildConfiguration;
			buildSettings = {
				ASSETCATALOG_COMPILER_APPICON_NAME = AppIcon;
				ASSETCATALOG_COMPILER_GLOBAL_ACCENT_COLOR_NAME = AccentColor;
				CODE_SIGN_STYLE = Automatic;
				INFOPLIST_FILE = Netflix/Info.plist;
				LD_RUNPATH_SEARCH_PATHS = (
					"$(inherited)",
					"@executable_path/Frameworks",
				);
				PRODUCT_BUNDLE_IDENTIFIER = kr.co.bonjin.Netflix;
				PRODUCT_NAME = "$(TARGET_NAME)";
				SWIFT_VERSION = 5.0;
				TARGETED_DEVICE_FAMILY = "1,2";
			};
			name = Debug;
		};
		3EC9762A25FA2DB000DEBB55 /* Release */ = {
			isa = XCBuildConfiguration;
			buildSettings = {
				ASSETCATALOG_COMPILER_APPICON_NAME = AppIcon;
				ASSETCATALOG_COMPILER_GLOBAL_ACCENT_COLOR_NAME = AccentColor;
				CODE_SIGN_STYLE = Automatic;
				INFOPLIST_FILE = Netflix/Info.plist;
				LD_RUNPATH_SEARCH_PATHS = (
					"$(inherited)",
					"@executable_path/Frameworks",
				);
				PRODUCT_BUNDLE_IDENTIFIER = kr.co.bonjin.Netflix;
				PRODUCT_NAME = "$(TARGET_NAME)";
				SWIFT_VERSION = 5.0;
				TARGETED_DEVICE_FAMILY = "1,2";
			};
			name = Release;
		};
/* End XCBuildConfiguration section */

/* Begin XCConfigurationList section */
		3EC9760F25FA2DAE00DEBB55 /* Build configuration list for PBXProject "Netflix" */ = {
			isa = XCConfigurationList;
			buildConfigurations = (
				3EC9762625FA2DB000DEBB55 /* Debug */,
				3EC9762725FA2DB000DEBB55 /* Release */,
			);
			defaultConfigurationIsVisible = 0;
			defaultConfigurationName = Release;
		};
		3EC9762825FA2DB000DEBB55 /* Build configuration list for PBXNativeTarget "Netflix" */ = {
			isa = XCConfigurationList;
			buildConfigurations = (
				3EC9762925FA2DB000DEBB55 /* Debug */,
				3EC9762A25FA2DB000DEBB55 /* Release */,
			);
			defaultConfigurationIsVisible = 0;
			defaultConfigurationName = Release;
		};
/* End XCConfigurationList section */

/* Begin XCRemoteSwiftPackageReference section */
		3EE9A88726088DDE003B4C52 /* XCRemoteSwiftPackageReference "Kingfisher" */ = {
			isa = XCRemoteSwiftPackageReference;
			repositoryURL = "https://github.com/onevcat/Kingfisher.git";
			requirement = {
				kind = upToNextMajorVersion;
				minimumVersion = 6.2.1;
			};
		};
/* End XCRemoteSwiftPackageReference section */

/* Begin XCSwiftPackageProductDependency section */
		3EE9A88826088DDE003B4C52 /* Kingfisher */ = {
			isa = XCSwiftPackageProductDependency;
			package = 3EE9A88726088DDE003B4C52 /* XCRemoteSwiftPackageReference "Kingfisher" */;
			productName = Kingfisher;
		};
/* End XCSwiftPackageProductDependency section */
	};
	rootObject = 3EC9760C25FA2DAE00DEBB55 /* Project object */;
}
